# This file is automatically @generated by Cargo.
# It is not intended for manual editing.
version = 4

[[package]]
name = "embedded-io"
version = "0.7.1"
source = "registry+https://github.com/rust-lang/crates.io-index"
checksum = "9eb1aa714776b75c7e67e1da744b81a129b3ff919c8712b5e1b32252c1f07cc7"

[[package]]
name = "embedded-io-adapters"
version = "0.7.0"
source = "registry+https://github.com/rust-lang/crates.io-index"
checksum = "c900a1c087f1f7d17cdc84a1290df91521cd90933efa76d68e568385d889f2f4"
dependencies = [
 "embedded-io",
]

[[package]]
name = "rustyfit"
version = "0.8.0"
source = "registry+https://github.com/rust-lang/crates.io-index"
checksum = "e39501d13f099bad92deb68bea86d4f035a1902000018b086c7282dc8752a4fb"
dependencies = [
 "embedded-io",
]

[[package]]
name = "rustyfit-main"
version = "0.1.0"
dependencies = [
 "embedded-io-adapters",
 "rustyfit",
]
